
Microsoft Visual Studio Solution File, Format Version 12.00
# Visual Studio 15
VisualStudioVersion = 15.0.27703.2026
MinimumVisualStudioVersion = 10.0.40219.1
Project("{FAE04EC0-301F-11D3-BF4B-00C04F79EFBC}") = "BankReconApi", "BankReconApi\BankReconApi.csproj", "{24F15F3D-AB6F-4FAB-A174-37977AB0F22E}"
EndProject
Global
	GlobalSection(SolutionConfigurationPlatforms) = preSolution
		Debug|Any CPU = Debug|Any CPU
		Release|Any CPU = Release|Any CPU
	EndGlobalSection
	GlobalSection(ProjectConfigurationPlatforms) = postSolution
		{24F15F3D-AB6F-4FAB-A174-37977AB0F22E}.Debug|Any CPU.ActiveCfg = Debug|Any CPU
		{24F15F3D-AB6F-4FAB-A174-37977AB0F22E}.Debug|Any CPU.Build.0 = Debug|Any CPU
		{24F15F3D-AB6F-4FAB-A174-37977AB0F22E}.Release|Any CPU.ActiveCfg = Release|Any CPU
		{24F15F3D-AB6F-4FAB-A174-37977AB0F22E}.Release|Any CPU.Build.0 = Release|Any CPU
	EndGlobalSection
	GlobalSection(SolutionProperties) = preSolution
		HideSolutionNode = FALSE
	EndGlobalSection
	GlobalSection(ExtensibilityGlobals) = postSolution
		SolutionGuid = {2FCDF7C6-2C79-40D1-867E-A78326DB3367}
	EndGlobalSection
EndGlobal
